
Microsoft Visual Studio Solution File, Format Version 12.00
# Visual Studio Version 16
VisualStudioVersion = 16.0.31129.286
MinimumVisualStudioVersion = 10.0.40219.1
Project("{FAE04EC0-301F-11D3-BF4B-00C04F79EFBC}") = "Sudoku", "Sudoku\Sudoku.csproj", "{8D38C716-FDAE-432C-ACA4-F95B13EC0D6A}"
EndProject
Global
	GlobalSection(SolutionConfigurationPlatforms) = preSolution
		Debug|Any CPU = Debug|Any CPU
		Release|Any CPU = Release|Any CPU
	EndGlobalSection
	GlobalSection(ProjectConfigurationPlatforms) = postSolution
		{8D38C716-FDAE-432C-ACA4-F95B13EC0D6A}.Debug|Any CPU.ActiveCfg = Debug|Any CPU
		{8D38C716-FDAE-432C-ACA4-F95B13EC0D6A}.Debug|Any CPU.Build.0 = Debug|Any CPU
		{8D38C716-FDAE-432C-ACA4-F95B13EC0D6A}.Release|Any CPU.ActiveCfg = Release|Any CPU
		{8D38C716-FDAE-432C-ACA4-F95B13EC0D6A}.Release|Any CPU.Build.0 = Release|Any CPU
	EndGlobalSection
	GlobalSection(SolutionProperties) = preSolution
		HideSolutionNode = FALSE
	EndGlobalSection
	GlobalSection(ExtensibilityGlobals) = postSolution
		SolutionGuid = {4E777DC0-51C4-4D17-9DC6-270BA4D05F10}
	EndGlobalSection
EndGlobal
